
Microsoft Visual Studio Solution File, Format Version 12.00
# Visual Studio Version 16
VisualStudioVersion = 16.0.31911.196
MinimumVisualStudioVersion = 10.0.40219.1
Project("{FAE04EC0-301F-11D3-BF4B-00C04F79EFBC}") = "WpfDBMS027", "WpfDBMS027\WpfDBMS027.csproj", "{F388948B-E025-47AF-8B90-A36142D56365}"
EndProject
Global
	GlobalSection(SolutionConfigurationPlatforms) = preSolution
		Debug|Any CPU = Debug|Any CPU
		Release|Any CPU = Release|Any CPU
	EndGlobalSection
	GlobalSection(ProjectConfigurationPlatforms) = postSolution
		{F388948B-E025-47AF-8B90-A36142D56365}.Debug|Any CPU.ActiveCfg = Debug|Any CPU
		{F388948B-E025-47AF-8B90-A36142D56365}.Debug|Any CPU.Build.0 = Debug|Any CPU
		{F388948B-E025-47AF-8B90-A36142D56365}.Release|Any CPU.ActiveCfg = Release|Any CPU
		{F388948B-E025-47AF-8B90-A36142D56365}.Release|Any CPU.Build.0 = Release|Any CPU
	EndGlobalSection
	GlobalSection(SolutionProperties) = preSolution
		HideSolutionNode = FALSE
	EndGlobalSection
	GlobalSection(ExtensibilityGlobals) = postSolution
		SolutionGuid = {4D093FF7-D394-418C-82F2-52B02318FA6C}
	EndGlobalSection
EndGlobal
